// !$*UTF8*$!
{
	archiveVersion = 1;
	classes = {
	};
	objectVersion = 56;
	objects = {

/* Begin PBXBuildFile section */
		EE904AF32C7E352B00D5AAFB /* SnowSeekerApp.swift in Sources */ = {isa = PBXBuildFile; fileRef = EE904AF22C7E352B00D5AAFB /* SnowSeekerApp.swift */; };
		EE904AF52C7E352B00D5AAFB /* ContentView.swift in Sources */ = {isa = PBXBuildFile; fileRef = EE904AF42C7E352B00D5AAFB /* ContentView.swift */; };
		EE904AF72C7E352D00D5AAFB /* Assets.xcassets in Resources */ = {isa = PBXBuildFile; fileRef = EE904AF62C7E352D00D5AAFB /* Assets.xcassets */; };
		EE904AFA2C7E352D00D5AAFB /* Preview Assets.xcassets in Resources */ = {isa = PBXBuildFile; fileRef = EE904AF92C7E352D00D5AAFB /* Preview Assets.xcassets */; };
		EE904B0E2C7F917400D5AAFB /* resorts.json in Resources */ = {isa = PBXBuildFile; fileRef = EE904B0D2C7F917400D5AAFB /* resorts.json */; };
		EE904B102C7F91E200D5AAFB /* Resort.swift in Sources */ = {isa = PBXBuildFile; fileRef = EE904B0F2C7F91E200D5AAFB /* Resort.swift */; };
		EE904B122C7F942C00D5AAFB /* Bundle-Decodable.swift in Sources */ = {isa = PBXBuildFile; fileRef = EE904B112C7F942C00D5AAFB /* Bundle-Decodable.swift */; };
		EE904B142C7F96F400D5AAFB /* WelcomeView.swift in Sources */ = {isa = PBXBuildFile; fileRef = EE904B132C7F96F400D5AAFB /* WelcomeView.swift */; };
		EE904B162C7FB22C00D5AAFB /* ResortView.swift in Sources */ = {isa = PBXBuildFile; fileRef = EE904B152C7FB22C00D5AAFB /* ResortView.swift */; };
		EE904B182C7FB35A00D5AAFB /* SkiDetailsView.swift in Sources */ = {isa = PBXBuildFile; fileRef = EE904B172C7FB35A00D5AAFB /* SkiDetailsView.swift */; };
		EE904B1A2C7FB3B300D5AAFB /* ResortDetailsView.swift in Sources */ = {isa = PBXBuildFile; fileRef = EE904B192C7FB3B300D5AAFB /* ResortDetailsView.swift */; };
/* End PBXBuildFile section */

/* Begin PBXFileReference section */
		EE904AEF2C7E352B00D5AAFB /* SnowSeeker.app */ = {isa = PBXFileReference; explicitFileType = wrapper.application; includeInIndex = 0; path = SnowSeeker.app; sourceTree = BUILT_PRODUCTS_DIR; };
		EE904AF22C7E352B00D5AAFB /* SnowSeekerApp.swift */ = {isa = PBXFileReference; lastKnownFileType = sourcecode.swift; path = SnowSeekerApp.swift; sourceTree = "<group>"; };
		EE904AF42C7E352B00D5AAFB /* ContentView.swift */ = {isa = PBXFileReference; lastKnownFileType = sourcecode.swift; path = ContentView.swift; sourceTree = "<group>"; };
		EE904AF62C7E352D00D5AAFB /* Assets.xcassets */ = {isa = PBXFileReference; lastKnownFileType = folder.assetcatalog; path = Assets.xcassets; sourceTree = "<group>"; };
		EE904AF92C7E352D00D5AAFB /* Preview Assets.xcassets */ = {isa = PBXFileReference; lastKnownFileType = folder.assetcatalog; path = "Preview Assets.xcassets"; sourceTree = "<group>"; };
		EE904B0D2C7F917400D5AAFB /* resorts.json */ = {isa = PBXFileReference; fileEncoding = 4; lastKnownFileType = text.json; path = resorts.json; sourceTree = "<group>"; };
		EE904B0F2C7F91E200D5AAFB /* Resort.swift */ = {isa = PBXFileReference; lastKnownFileType = sourcecode.swift; path = Resort.swift; sourceTree = "<group>"; };
		EE904B112C7F942C00D5AAFB /* Bundle-Decodable.swift */ = {isa = PBXFileReference; lastKnownFileType = sourcecode.swift; path = "Bundle-Decodable.swift"; sourceTree = "<group>"; };
		EE904B132C7F96F400D5AAFB /* WelcomeView.swift */ = {isa = PBXFileReference; lastKnownFileType = sourcecode.swift; path = WelcomeView.swift; sourceTree = "<group>"; };
		EE904B152C7FB22C00D5AAFB /* ResortView.swift */ = {isa = PBXFileReference; lastKnownFileType = sourcecode.swift; path = ResortView.swift; sourceTree = "<group>"; };
		EE904B172C7FB35A00D5AAFB /* SkiDetailsView.swift */ = {isa = PBXFileReference; lastKnownFileType = sourcecode.swift; path = SkiDetailsView.swift; sourceTree = "<group>"; };
		EE904B192C7FB3B300D5AAFB /* ResortDetailsView.swift */ = {isa = PBXFileReference; lastKnownFileType = sourcecode.swift; path = ResortDetailsView.swift; sourceTree = "<group>"; };
/* End PBXFileReference section */

/* Begin PBXFrameworksBuildPhase section */
		EE904AEC2C7E352B00D5AAFB /* Frameworks */ = {
			isa = PBXFrameworksBuildPhase;
			buildActionMask = 2147483647;
			files = (
			);
			runOnlyForDeploymentPostprocessing = 0;
		};
/* End PBXFrameworksBuildPhase section */

/* Begin PBXGroup section */
		EE904AE62C7E352B00D5AAFB = {
			isa = PBXGroup;
			children = (
				EE904AF12C7E352B00D5AAFB /* SnowSeeker */,
				EE904AF02C7E352B00D5AAFB /* Products */,
			);
			sourceTree = "<group>";
		};
		EE904AF02C7E352B00D5AAFB /* Products */ = {
			isa = PBXGroup;
			children = (
				EE904AEF2C7E352B00D5AAFB /* SnowSeeker.app */,
			);
			name = Products;
			sourceTree = "<group>";
		};
		EE904AF12C7E352B00D5AAFB /* SnowSeeker */ = {
			isa = PBXGroup;
			children = (
				EE904AF22C7E352B00D5AAFB /* SnowSeekerApp.swift */,
				EE904AF42C7E352B00D5AAFB /* ContentView.swift */,
				EE904B152C7FB22C00D5AAFB /* ResortView.swift */,
				EE904B172C7FB35A00D5AAFB /* SkiDetailsView.swift */,
				EE904B192C7FB3B300D5AAFB /* ResortDetailsView.swift */,
				EE904B132C7F96F400D5AAFB /* WelcomeView.swift */,
				EE904B112C7F942C00D5AAFB /* Bundle-Decodable.swift */,
				EE904B0F2C7F91E200D5AAFB /* Resort.swift */,
				EE904B0D2C7F917400D5AAFB /* resorts.json */,
				EE904AF62C7E352D00D5AAFB /* Assets.xcassets */,
				EE904AF82C7E352D00D5AAFB /* Preview Content */,
			);
			path = SnowSeeker;
			sourceTree = "<group>";
		};
		EE904AF82C7E352D00D5AAFB /* Preview Content */ = {
			isa = PBXGroup;
			children = (
				EE904AF92C7E352D00D5AAFB /* Preview Assets.xcassets */,
			);
			path = "Preview Content";
			sourceTree = "<group>";
		};
/* End PBXGroup section */

/* Begin PBXNativeTarget section */
		EE904AEE2C7E352B00D5AAFB /* SnowSeeker */ = {
			isa = PBXNativeTarget;
			buildConfigurationList = EE904AFD2C7E352D00D5AAFB /* Build configuration list for PBXNativeTarget "SnowSeeker" */;
			buildPhases = (
				EE904AEB2C7E352B00D5AAFB /* Sources */,
				EE904AEC2C7E352B00D5AAFB /* Frameworks */,
				EE904AED2C7E352B00D5AAFB /* Resources */,
			);
			buildRules = (
			);
			dependencies = (
			);
			name = SnowSeeker;
			productName = SnowSeeker;
			productReference = EE904AEF2C7E352B00D5AAFB /* SnowSeeker.app */;
			productType = "com.apple.product-type.application";
		};
/* End PBXNativeTarget section */

/* Begin PBXProject section */
		EE904AE72C7E352B00D5AAFB /* Project object */ = {
			isa = PBXProject;
			attributes = {
				BuildIndependentTargetsInParallel = 1;
				LastSwiftUpdateCheck = 1520;
				LastUpgradeCheck = 1520;
				TargetAttributes = {
					EE904AEE2C7E352B00D5AAFB = {
						CreatedOnToolsVersion = 15.2;
					};
				};
			};
			buildConfigurationList = EE904AEA2C7E352B00D5AAFB /* Build configuration list for PBXProject "SnowSeeker" */;
			compatibilityVersion = "Xcode 14.0";
			developmentRegion = en;
			hasScannedForEncodings = 0;
			knownRegions = (
				en,
				Base,
			);
			mainGroup = EE904AE62C7E352B00D5AAFB;
			productRefGroup = EE904AF02C7E352B00D5AAFB /* Products */;
			projectDirPath = "";
			projectRoot = "";
			targets = (
				EE904AEE2C7E352B00D5AAFB /* SnowSeeker */,
			);
		};
/* End PBXProject section */

/* Begin PBXResourcesBuildPhase section */
		EE904AED2C7E352B00D5AAFB /* Resources */ = {
			isa = PBXResourcesBuildPhase;
			buildActionMask = 2147483647;
			files = (
				EE904B0E2C7F917400D5AAFB /* resorts.json in Resources */,
				EE904AFA2C7E352D00D5AAFB /* Preview Assets.xcassets in Resources */,
				EE904AF72C7E352D00D5AAFB /* Assets.xcassets in Resources */,
			);
			runOnlyForDeploymentPostprocessing = 0;
		};
/* End PBXResourcesBuildPhase section */

/* Begin PBXSourcesBuildPhase section */
		EE904AEB2C7E352B00D5AAFB /* Sources */ = {
			isa = PBXSourcesBuildPhase;
			buildActionMask = 2147483647;
			files = (
				EE904B142C7F96F400D5AAFB /* WelcomeView.swift in Sources */,
				EE904B182C7FB35A00D5AAFB /* SkiDetailsView.swift in Sources */,
				EE904B1A2C7FB3B300D5AAFB /* ResortDetailsView.swift in Sources */,
				EE904AF52C7E352B00D5AAFB /* ContentView.swift in Sources */,
				EE904B102C7F91E200D5AAFB /* Resort.swift in Sources */,
				EE904B162C7FB22C00D5AAFB /* ResortView.swift in Sources */,
				EE904AF32C7E352B00D5AAFB /* SnowSeekerApp.swift in Sources */,
				EE904B122C7F942C00D5AAFB /* Bundle-Decodable.swift in Sources */,
			);
			runOnlyForDeploymentPostprocessing = 0;
		};
/* End PBXSourcesBuildPhase section */

/* Begin XCBuildConfiguration section */
		EE904AFB2C7E352D00D5AAFB /* Debug */ = {
			isa = XCBuildConfiguration;
			buildSettings = {
				ALWAYS_SEARCH_USER_PATHS = NO;
				ASSETCATALOG_COMPILER_GENERATE_SWIFT_ASSET_SYMBOL_EXTENSIONS = YES;
				CLANG_ANALYZER_NONNULL = YES;
				CLANG_ANALYZER_NUMBER_OBJECT_CONVERSION = YES_AGGRESSIVE;
				CLANG_CXX_LANGUAGE_STANDARD = "gnu++20";
				CLANG_ENABLE_MODULES = YES;
				CLANG_ENABLE_OBJC_ARC = YES;
				CLANG_ENABLE_OBJC_WEAK = YES;
				CLANG_WARN_BLOCK_CAPTURE_AUTORELEASING = YES;
				CLANG_WARN_BOOL_CONVERSION = YES;
				CLANG_WARN_COMMA = YES;
				CLANG_WARN_CONSTANT_CONVERSION = YES;
				CLANG_WARN_DEPRECATED_OBJC_IMPLEMENTATIONS = YES;
				CLANG_WARN_DIRECT_OBJC_ISA_USAGE = YES_ERROR;
				CLANG_WARN_DOCUMENTATION_COMMENTS = YES;
				CLANG_WARN_EMPTY_BODY = YES;
				CLANG_WARN_ENUM_CONVERSION = YES;
				CLANG_WARN_INFINITE_RECURSION = YES;
				CLANG_WARN_INT_CONVERSION = YES;
				CLANG_WARN_NON_LITERAL_NULL_CONVERSION = YES;
				CLANG_WARN_OBJC_IMPLICIT_RETAIN_SELF = YES;
				CLANG_WARN_OBJC_LITERAL_CONVERSION = YES;
				CLANG_WARN_OBJC_ROOT_CLASS = YES_ERROR;
				CLANG_WARN_QUOTED_INCLUDE_IN_FRAMEWORK_HEADER = YES;
				CLANG_WARN_RANGE_LOOP_ANALYSIS = YES;
				CLANG_WARN_STRICT_PROTOTYPES = YES;
				CLANG_WARN_SUSPICIOUS_MOVE = YES;
				CLANG_WARN_UNGUARDED_AVAILABILITY = YES_AGGRESSIVE;
				CLANG_WARN_UNREACHABLE_CODE = YES;
				CLANG_WARN__DUPLICATE_METHOD_MATCH = YES;
				COPY_PHASE_STRIP = NO;
				DEBUG_INFORMATION_FORMAT = dwarf;
				ENABLE_STRICT_OBJC_MSGSEND = YES;
				ENABLE_TESTABILITY = YES;
				ENABLE_USER_SCRIPT_SANDBOXING = YES;
				GCC_C_LANGUAGE_STANDARD = gnu17;
				GCC_DYNAMIC_NO_PIC = NO;
				GCC_NO_COMMON_BLOCKS = YES;
				GCC_OPTIMIZATION_LEVEL = 0;
				GCC_PREPROCESSOR_DEFINITIONS = (
					"DEBUG=1",
					"$(inherited)",
				);
				GCC_WARN_64_TO_32_BIT_CONVERSION = YES;
				GCC_WARN_ABOUT_RETURN_TYPE = YES_ERROR;
				GCC_WARN_UNDECLARED_SELECTOR = YES;
				GCC_WARN_UNINITIALIZED_AUTOS = YES_AGGRESSIVE;
				GCC_WARN_UNUSED_FUNCTION = YES;
				GCC_WARN_UNUSED_VARIABLE = YES;
				IPHONEOS_DEPLOYMENT_TARGET = 17.2;
				LOCALIZATION_PREFERS_STRING_CATALOGS = YES;
				MTL_ENABLE_DEBUG_INFO = INCLUDE_SOURCE;
				MTL_FAST_MATH = YES;
				ONLY_ACTIVE_ARCH = YES;
				SDKROOT = iphoneos;
				SWIFT_ACTIVE_COMPILATION_CONDITIONS = "DEBUG $(inherited)";
				SWIFT_OPTIMIZATION_LEVEL = "-Onone";
			};
			name = Debug;
		};
		EE904AFC2C7E352D00D5AAFB /* Release */ = {
			isa = XCBuildConfiguration;
			buildSettings = {
				ALWAYS_SEARCH_USER_PATHS = NO;
				ASSETCATALOG_COMPILER_GENERATE_SWIFT_ASSET_SYMBOL_EXTENSIONS = YES;
				CLANG_ANALYZER_NONNULL = YES;
				CLANG_ANALYZER_NUMBER_OBJECT_CONVERSION = YES_AGGRESSIVE;
				CLANG_CXX_LANGUAGE_STANDARD = "gnu++20";
				CLANG_ENABLE_MODULES = YES;
				CLANG_ENABLE_OBJC_ARC = YES;
				CLANG_ENABLE_OBJC_WEAK = YES;
				CLANG_WARN_BLOCK_CAPTURE_AUTORELEASING = YES;
				CLANG_WARN_BOOL_CONVERSION = YES;
				CLANG_WARN_COMMA = YES;
				CLANG_WARN_CONSTANT_CONVERSION = YES;
				CLANG_WARN_DEPRECATED_OBJC_IMPLEMENTATIONS = YES;
				CLANG_WARN_DIRECT_OBJC_ISA_USAGE = YES_ERROR;
				CLANG_WARN_DOCUMENTATION_COMMENTS = YES;
				CLANG_WARN_EMPTY_BODY = YES;
				CLANG_WARN_ENUM_CONVERSION = YES;
				CLANG_WARN_INFINITE_RECURSION = YES;
				CLANG_WARN_INT_CONVERSION = YES;
				CLANG_WARN_NON_LITERAL_NULL_CONVERSION = YES;
				CLANG_WARN_OBJC_IMPLICIT_RETAIN_SELF = YES;
				CLANG_WARN_OBJC_LITERAL_CONVERSION = YES;
				CLANG_WARN_OBJC_ROOT_CLASS = YES_ERROR;
				CLANG_WARN_QUOTED_INCLUDE_IN_FRAMEWORK_HEADER = YES;
				CLANG_WARN_RANGE_LOOP_ANALYSIS = YES;
				CLANG_WARN_STRICT_PROTOTYPES = YES;
				CLANG_WARN_SUSPICIOUS_MOVE = YES;
				CLANG_WARN_UNGUARDED_AVAILABILITY = YES_AGGRESSIVE;
				CLANG_WARN_UNREACHABLE_CODE = YES;
				CLANG_WARN__DUPLICATE_METHOD_MATCH = YES;
				COPY_PHASE_STRIP = NO;
				DEBUG_INFORMATION_FORMAT = "dwarf-with-dsym";
				ENABLE_NS_ASSERTIONS = NO;
				ENABLE_STRICT_OBJC_MSGSEND = YES;
				ENABLE_USER_SCRIPT_SANDBOXING = YES;
				GCC_C_LANGUAGE_STANDARD = gnu17;
				GCC_NO_COMMON_BLOCKS = YES;
				GCC_WARN_64_TO_32_BIT_CONVERSION = YES;
				GCC_WARN_ABOUT_RETURN_TYPE = YES_ERROR;
				GCC_WARN_UNDECLARED_SELECTOR = YES;
				GCC_WARN_UNINITIALIZED_AUTOS = YES_AGGRESSIVE;
				GCC_WARN_UNUSED_FUNCTION = YES;
				GCC_WARN_UNUSED_VARIABLE = YES;
				IPHONEOS_DEPLOYMENT_TARGET = 17.2;
				LOCALIZATION_PREFERS_STRING_CATALOGS = YES;
				MTL_ENABLE_DEBUG_INFO = NO;
				MTL_FAST_MATH = YES;
				SDKROOT = iphoneos;
				SWIFT_COMPILATION_MODE = wholemodule;
				VALIDATE_PRODUCT = YES;
			};
			name = Release;
		};
		EE904AFE2C7E352D00D5AAFB /* Debug */ = {
			isa = XCBuildConfiguration;
			buildSettings = {
				ASSETCATALOG_COMPILER_APPICON_NAME = AppIcon;
				ASSETCATALOG_COMPILER_GLOBAL_ACCENT_COLOR_NAME = AccentColor;
				CODE_SIGN_STYLE = Automatic;
				CURRENT_PROJECT_VERSION = 1;
				DEVELOPMENT_ASSET_PATHS = "\"SnowSeeker/Preview Content\"";
				ENABLE_PREVIEWS = YES;
				GENERATE_INFOPLIST_FILE = YES;
				INFOPLIST_KEY_UIApplicationSceneManifest_Generation = YES;
				INFOPLIST_KEY_UIApplicationSupportsIndirectInputEvents = YES;
				INFOPLIST_KEY_UILaunchScreen_Generation = YES;
				INFOPLIST_KEY_UISupportedInterfaceOrientations_iPad = "UIInterfaceOrientationPortrait UIInterfaceOrientationPortraitUpsideDown UIInterfaceOrientationLandscapeLeft UIInterfaceOrientationLandscapeRight";
				INFOPLIST_KEY_UISupportedInterfaceOrientations_iPhone = "UIInterfaceOrientationPortrait UIInterfaceOrientationLandscapeLeft UIInterfaceOrientationLandscapeRight";
				LD_RUNPATH_SEARCH_PATHS = (
					"$(inherited)",
					"@executable_path/Frameworks",
				);
				MARKETING_VERSION = 1.0;
				PRODUCT_BUNDLE_IDENTIFIER = me.hu.oliver.SnowSeeker;
				PRODUCT_NAME = "$(TARGET_NAME)";
				SWIFT_EMIT_LOC_STRINGS = YES;
				SWIFT_VERSION = 5.0;
				TARGETED_DEVICE_FAMILY = "1,2";
			};
			name = Debug;
		};
		EE904AFF2C7E352D00D5AAFB /* Release */ = {
			isa = XCBuildConfiguration;
			buildSettings = {
				ASSETCATALOG_COMPILER_APPICON_NAME = AppIcon;
				ASSETCATALOG_COMPILER_GLOBAL_ACCENT_COLOR_NAME = AccentColor;
				CODE_SIGN_STYLE = Automatic;
				CURRENT_PROJECT_VERSION = 1;
				DEVELOPMENT_ASSET_PATHS = "\"SnowSeeker/Preview Content\"";
				ENABLE_PREVIEWS = YES;
				GENERATE_INFOPLIST_FILE = YES;
				INFOPLIST_KEY_UIApplicationSceneManifest_Generation = YES;
				INFOPLIST_KEY_UIApplicationSupportsIndirectInputEvents = YES;
				INFOPLIST_KEY_UILaunchScreen_Generation = YES;
				INFOPLIST_KEY_UISupportedInterfaceOrientations_iPad = "UIInterfaceOrientationPortrait UIInterfaceOrientationPortraitUpsideDown UIInterfaceOrientationLandscapeLeft UIInterfaceOrientationLandscapeRight";
				INFOPLIST_KEY_UISupportedInterfaceOrientations_iPhone = "UIInterfaceOrientationPortrait UIInterfaceOrientationLandscapeLeft UIInterfaceOrientationLandscapeRight";
				LD_RUNPATH_SEARCH_PATHS = (
					"$(inherited)",
					"@executable_path/Frameworks",
				);
				MARKETING_VERSION = 1.0;
				PRODUCT_BUNDLE_IDENTIFIER = me.hu.oliver.SnowSeeker;
				PRODUCT_NAME = "$(TARGET_NAME)";
				SWIFT_EMIT_LOC_STRINGS = YES;
				SWIFT_VERSION = 5.0;
				TARGETED_DEVICE_FAMILY = "1,2";
			};
			name = Release;
		};
/* End XCBuildConfiguration section */

/* Begin XCConfigurationList section */
		EE904AEA2C7E352B00D5AAFB /* Build configuration list for PBXProject "SnowSeeker" */ = {
			isa = XCConfigurationList;
			buildConfigurations = (
				EE904AFB2C7E352D00D5AAFB /* Debug */,
				EE904AFC2C7E352D00D5AAFB /* Release */,
			);
			defaultConfigurationIsVisible = 0;
			defaultConfigurationName = Release;
		};
		EE904AFD2C7E352D00D5AAFB /* Build configuration list for PBXNativeTarget "SnowSeeker" */ = {
			isa = XCConfigurationList;
			buildConfigurations = (
				EE904AFE2C7E352D00D5AAFB /* Debug */,
				EE904AFF2C7E352D00D5AAFB /* Release */,
			);
			defaultConfigurationIsVisible = 0;
			defaultConfigurationName = Release;
		};
/* End XCConfigurationList section */
	};
	rootObject = EE904AE72C7E352B00D5AAFB /* Project object */;
}
